
Microsoft Visual Studio Solution File, Format Version 12.00
# Visual Studio Version 17
VisualStudioVersion = 17.5.33516.290
MinimumVisualStudioVersion = 10.0.40219.1
Project("{FAE04EC0-301F-11D3-BF4B-00C04F79EFBC}") = "TaxiManagment", "TaxiManagment\TaxiManagment.csproj", "{1BC23437-6535-4FCE-9940-140E63785456}"
EndProject
Global
	GlobalSection(SolutionConfigurationPlatforms) = preSolution
		Debug|Any CPU = Debug|Any CPU
		Release|Any CPU = Release|Any CPU
	EndGlobalSection
	GlobalSection(ProjectConfigurationPlatforms) = postSolution
		{1BC23437-6535-4FCE-9940-140E63785456}.Debug|Any CPU.ActiveCfg = Debug|Any CPU
		{1BC23437-6535-4FCE-9940-140E63785456}.Debug|Any CPU.Build.0 = Debug|Any CPU
		{1BC23437-6535-4FCE-9940-140E63785456}.Release|Any CPU.ActiveCfg = Release|Any CPU
		{1BC23437-6535-4FCE-9940-140E63785456}.Release|Any CPU.Build.0 = Release|Any CPU
	EndGlobalSection
	GlobalSection(SolutionProperties) = preSolution
		HideSolutionNode = FALSE
	EndGlobalSection
	GlobalSection(ExtensibilityGlobals) = postSolution
		SolutionGuid = {6ECA59E4-D2B9-4F9C-8AB7-7B601CA5BAC4}
	EndGlobalSection
EndGlobal
